<?xml version="1.0" encoding="utf-8"?>
<Project ToolsVersion="4.0" xmlns="http://schemas.microsoft.com/developer/msbuild/2003">
  <ItemGroup>
    <ClCompile Include="$(MSBuildThisFileDirectory)..\..\lib\native\src\gtest\gtest-all.cc" />
    <ClCompile Include="$(MSBuildThisFileDirectory)..\..\lib\native\src\gmock\gmock-all.cc" />
    <ClCompile Include="ExceptionsTest.cpp">
      <Filter>Source Files</Filter>
    </ClCompile>
    <ClCompile Include="HandleTest.cpp">
      <Filter>Source Files</Filter>
    </ClCompile>
    <ClCompile Include="SafetyTest.cpp">
      <Filter>Source Files</Filter>
    </ClCompile>
    <ClCompile Include="MockHandle.cpp">
      <Filter>Source Files\Mocks</Filter>
    </ClCompile>
  </ItemGroup>
  <ItemGroup>
    <None Include="packages.config" />
  </ItemGroup>
  <ItemGroup>
    <Filter Include="Header Files">
      <UniqueIdentifier>{dd98c1be-d54a-40ec-9121-3cddcfeb1853}</UniqueIdentifier>
    </Filter>
    <Filter Include="Source Files">
      <UniqueIdentifier>{6fe5f494-f6ec-4c0c-a4dc-8f59b5844000}</UniqueIdentifier>
    </Filter>
    <Filter Include="Header Files\Mocks">
      <UniqueIdentifier>{c6bffe42-e2f3-44b5-989d-97b496962f38}</UniqueIdentifier>
    </Filter>
    <Filter Include="Source Files\Mocks">
      <UniqueIdentifier>{ef9549c8-6722-4796-8d7d-95d269521c6d}</UniqueIdentifier>
    </Filter>
  </ItemGroup>
  <ItemGroup>
    <ClInclude Include="ExceptionsTest.h">
      <Filter>Header Files</Filter>
    </ClInclude>
    <ClInclude Include="HandleTest.h">
      <Filter>Header Files</Filter>
    </ClInclude>
    <ClInclude Include="MockHandle.h">
      <Filter>Header Files\Mocks</Filter>
    </ClInclude>
    <ClInclude Include="FakeException.h">
      <Filter>Header Files\Mocks</Filter>
    </ClInclude>
    <ClInclude Include="MockTracer.h">
      <Filter>Header Files\Mocks</Filter>
    </ClInclude>
  </ItemGroup>
</Project>