<?xml version="1.0" encoding="utf-8"?>
<Project ToolsVersion="4.0" xmlns="http://schemas.microsoft.com/developer/msbuild/2003">
  <ItemGroup>
    <ClCompile Include="$(MSBuildThisFileDirectory)..\..\lib\native\src\gtest\gtest-all.cc" />
    <ClCompile Include="$(MSBuildThisFileDirectory)..\..\lib\native\src\gmock\gmock-all.cc" />
    <ClCompile Include="ExceptionsTest.cpp">
      <Filter>Source Files</Filter>
    </ClCompile>
    <ClCompile Include="HandleTest.cpp">
      <Filter>Source Files</Filter>
    </ClCompile>
    <ClCompile Include="MockException.cpp">
      <Filter>Source Files</Filter>
    </ClCompile>
  </ItemGroup>
  <ItemGroup>
    <None Include="packages.config" />
  </ItemGroup>
  <ItemGroup>
    <Filter Include="Header Files">
      <UniqueIdentifier>{dd98c1be-d54a-40ec-9121-3cddcfeb1853}</UniqueIdentifier>
    </Filter>
    <Filter Include="Source Files">
      <UniqueIdentifier>{6fe5f494-f6ec-4c0c-a4dc-8f59b5844000}</UniqueIdentifier>
    </Filter>
  </ItemGroup>
  <ItemGroup>
    <ClInclude Include="ExceptionsTest.h">
      <Filter>Header Files</Filter>
    </ClInclude>
    <ClInclude Include="HandleTest.h">
      <Filter>Header Files</Filter>
    </ClInclude>
    <ClInclude Include="MockException.h">
      <Filter>Header Files</Filter>
    </ClInclude>
  </ItemGroup>
</Project>